{
  "name": "cloner",
  "version": "1.0.0",
  "lockfileVersion": 1,
  "requires": true,
  "dependencies": {
    "wru": {
      "version": "0.2.7",
      "resolved": "https://registry.npmjs.org/wru/-/wru-0.2.7.tgz",
      "integrity": "sha1-9vpPx9VPRL7BnVXGbEZnB41zBi0=",
      "dev": true
    }
  }
}
